
Microsoft Visual Studio Solution File, Format Version 12.00
# Visual Studio Version 17
VisualStudioVersion = 17.0.31903.59
MinimumVisualStudioVersion = 10.0.40219.1
Project("{FAE04EC0-301F-11D3-BF4B-00C04F79EFBC}") = "Vanta", "Vanta\Vanta.csproj", "{4BF94670-8958-4C73-8D45-4FA2DA2BCCAE}"
EndProject
Project("{FAE04EC0-301F-11D3-BF4B-00C04F79EFBC}") = "Vanta.Tests", "Vanta.Tests\Vanta.Tests.csproj", "{E5444E00-86F4-4936-90F3-07A6A88A6892}"
EndProject
Global
	GlobalSection(SolutionConfigurationPlatforms) = preSolution
		Debug|Any CPU = Debug|Any CPU
		Debug|x64 = Debug|x64
		Debug|x86 = Debug|x86
		Release|Any CPU = Release|Any CPU
		Release|x64 = Release|x64
		Release|x86 = Release|x86
	EndGlobalSection
	GlobalSection(ProjectConfigurationPlatforms) = postSolution
		{4BF94670-8958-4C73-8D45-4FA2DA2BCCAE}.Debug|Any CPU.ActiveCfg = Debug|x86
		{4BF94670-8958-4C73-8D45-4FA2DA2BCCAE}.Debug|Any CPU.Build.0 = Debug|x86
		{4BF94670-8958-4C73-8D45-4FA2DA2BCCAE}.Debug|x64.ActiveCfg = Debug|x64
		{4BF94670-8958-4C73-8D45-4FA2DA2BCCAE}.Debug|x64.Build.0 = Debug|x64
		{4BF94670-8958-4C73-8D45-4FA2DA2BCCAE}.Debug|x86.ActiveCfg = Debug|x86
		{4BF94670-8958-4C73-8D45-4FA2DA2BCCAE}.Debug|x86.Build.0 = Debug|x86
		{4BF94670-8958-4C73-8D45-4FA2DA2BCCAE}.Release|Any CPU.ActiveCfg = Release|x86
		{4BF94670-8958-4C73-8D45-4FA2DA2BCCAE}.Release|Any CPU.Build.0 = Release|x86
		{4BF94670-8958-4C73-8D45-4FA2DA2BCCAE}.Release|x64.ActiveCfg = Release|x64
		{4BF94670-8958-4C73-8D45-4FA2DA2BCCAE}.Release|x64.Build.0 = Release|x64
		{4BF94670-8958-4C73-8D45-4FA2DA2BCCAE}.Release|x86.ActiveCfg = Release|x86
		{4BF94670-8958-4C73-8D45-4FA2DA2BCCAE}.Release|x86.Build.0 = Release|x86
		{E5444E00-86F4-4936-90F3-07A6A88A6892}.Debug|Any CPU.ActiveCfg = Debug|Any CPU
		{E5444E00-86F4-4936-90F3-07A6A88A6892}.Debug|Any CPU.Build.0 = Debug|Any CPU
		{E5444E00-86F4-4936-90F3-07A6A88A6892}.Debug|x64.ActiveCfg = Debug|Any CPU
		{E5444E00-86F4-4936-90F3-07A6A88A6892}.Debug|x64.Build.0 = Debug|Any CPU
		{E5444E00-86F4-4936-90F3-07A6A88A6892}.Debug|x86.ActiveCfg = Debug|Any CPU
		{E5444E00-86F4-4936-90F3-07A6A88A6892}.Debug|x86.Build.0 = Debug|Any CPU
		{E5444E00-86F4-4936-90F3-07A6A88A6892}.Release|Any CPU.ActiveCfg = Release|Any CPU
		{E5444E00-86F4-4936-90F3-07A6A88A6892}.Release|Any CPU.Build.0 = Release|Any CPU
		{E5444E00-86F4-4936-90F3-07A6A88A6892}.Release|x64.ActiveCfg = Release|Any CPU
		{E5444E00-86F4-4936-90F3-07A6A88A6892}.Release|x64.Build.0 = Release|Any CPU
		{E5444E00-86F4-4936-90F3-07A6A88A6892}.Release|x86.ActiveCfg = Release|Any CPU
		{E5444E00-86F4-4936-90F3-07A6A88A6892}.Release|x86.Build.0 = Release|Any CPU
	EndGlobalSection
	GlobalSection(SolutionProperties) = preSolution
		HideSolutionNode = FALSE
	EndGlobalSection
EndGlobal
